// !$*UTF8*$!
{
	archiveVersion = 1;
	classes = {
	};
	objectVersion = 46;
	objects = {

/* Begin PBXBuildFile section */
		3482B4001BEB071000B320EA /* StreakSpec.swift in Sources */ = {isa = PBXBuildFile; fileRef = 3482B3FF1BEB071000B320EA /* StreakSpec.swift */; };
		3482B4031BEB082C00B320EA /* Nimble.framework in Frameworks */ = {isa = PBXBuildFile; fileRef = 3482B4011BEB082C00B320EA /* Nimble.framework */; };
		3482B4041BEB082C00B320EA /* Quick.framework in Frameworks */ = {isa = PBXBuildFile; fileRef = 3482B4021BEB082C00B320EA /* Quick.framework */; };
		3482B4061BEB085800B320EA /* Nimble.framework in CopyFiles */ = {isa = PBXBuildFile; fileRef = 3482B4011BEB082C00B320EA /* Nimble.framework */; settings = {ATTRIBUTES = (CodeSignOnCopy, RemoveHeadersOnCopy, ); }; };
		3482B4071BEB085800B320EA /* Quick.framework in CopyFiles */ = {isa = PBXBuildFile; fileRef = 3482B4021BEB082C00B320EA /* Quick.framework */; settings = {ATTRIBUTES = (CodeSignOnCopy, RemoveHeadersOnCopy, ); }; };
		BCDBEBF61BB3800800841C20 /* AppDelegate.swift in Sources */ = {isa = PBXBuildFile; fileRef = BCDBEBF51BB3800800841C20 /* AppDelegate.swift */; };
		BCDBEBF81BB3800800841C20 /* ViewController.swift in Sources */ = {isa = PBXBuildFile; fileRef = BCDBEBF71BB3800800841C20 /* ViewController.swift */; };
		BCDBEBFB1BB3800800841C20 /* Main.storyboard in Resources */ = {isa = PBXBuildFile; fileRef = BCDBEBF91BB3800800841C20 /* Main.storyboard */; };
		BCDBEBFD1BB3800800841C20 /* Assets.xcassets in Resources */ = {isa = PBXBuildFile; fileRef = BCDBEBFC1BB3800800841C20 /* Assets.xcassets */; };
		BCDBEC001BB3800800841C20 /* LaunchScreen.storyboard in Resources */ = {isa = PBXBuildFile; fileRef = BCDBEBFE1BB3800800841C20 /* LaunchScreen.storyboard */; };
		BCDBEC281BB380A300841C20 /* Hello.swift in Sources */ = {isa = PBXBuildFile; fileRef = BCDBEC271BB380A300841C20 /* Hello.swift */; };
		BCFE39A71BB3851C004C9856 /* SwiftExampleUITests.swift in Sources */ = {isa = PBXBuildFile; fileRef = BCFE39A61BB3851C004C9856 /* SwiftExampleUITests.swift */; };
/* End PBXBuildFile section */

/* Begin PBXContainerItemProxy section */
		BCDBEC071BB3800900841C20 /* PBXContainerItemProxy */ = {
			isa = PBXContainerItemProxy;
			containerPortal = BCDBEBEA1BB3800800841C20 /* Project object */;
			proxyType = 1;
			remoteGlobalIDString = BCDBEBF11BB3800800841C20;
			remoteInfo = SwiftExample;
		};
		BCDBEC121BB3800900841C20 /* PBXContainerItemProxy */ = {
			isa = PBXContainerItemProxy;
			containerPortal = BCDBEBEA1BB3800800841C20 /* Project object */;
			proxyType = 1;
			remoteGlobalIDString = BCDBEBF11BB3800800841C20;
			remoteInfo = SwiftExample;
		};
/* End PBXContainerItemProxy section */

/* Begin PBXCopyFilesBuildPhase section */
		3482B4051BEB084E00B320EA /* CopyFiles */ = {
			isa = PBXCopyFilesBuildPhase;
			buildActionMask = 2147483647;
			dstPath = "";
			dstSubfolderSpec = 10;
			files = (
				3482B4061BEB085800B320EA /* Nimble.framework in CopyFiles */,
				3482B4071BEB085800B320EA /* Quick.framework in CopyFiles */,
			);
			runOnlyForDeploymentPostprocessing = 0;
		};
/* End PBXCopyFilesBuildPhase section */

/* Begin PBXFileReference section */
		3482B3FF1BEB071000B320EA /* StreakSpec.swift */ = {isa = PBXFileReference; fileEncoding = 4; lastKnownFileType = sourcecode.swift; path = StreakSpec.swift; sourceTree = "<group>"; };
		3482B4011BEB082C00B320EA /* Nimble.framework */ = {isa = PBXFileReference; lastKnownFileType = wrapper.framework; name = Nimble.framework; path = Carthage/Build/iOS/Nimble.framework; sourceTree = "<group>"; };
		3482B4021BEB082C00B320EA /* Quick.framework */ = {isa = PBXFileReference; lastKnownFileType = wrapper.framework; name = Quick.framework; path = Carthage/Build/iOS/Quick.framework; sourceTree = "<group>"; };
		BCDBEBF21BB3800800841C20 /* SwiftExample.app */ = {isa = PBXFileReference; explicitFileType = wrapper.application; includeInIndex = 0; path = SwiftExample.app; sourceTree = BUILT_PRODUCTS_DIR; };
		BCDBEBF51BB3800800841C20 /* AppDelegate.swift */ = {isa = PBXFileReference; lastKnownFileType = sourcecode.swift; path = AppDelegate.swift; sourceTree = "<group>"; };
		BCDBEBF71BB3800800841C20 /* ViewController.swift */ = {isa = PBXFileReference; lastKnownFileType = sourcecode.swift; path = ViewController.swift; sourceTree = "<group>"; };
		BCDBEBFA1BB3800800841C20 /* Base */ = {isa = PBXFileReference; lastKnownFileType = file.storyboard; name = Base; path = Base.lproj/Main.storyboard; sourceTree = "<group>"; };
		BCDBEBFC1BB3800800841C20 /* Assets.xcassets */ = {isa = PBXFileReference; lastKnownFileType = folder.assetcatalog; path = Assets.xcassets; sourceTree = "<group>"; };
		BCDBEBFF1BB3800800841C20 /* Base */ = {isa = PBXFileReference; lastKnownFileType = file.storyboard; name = Base; path = Base.lproj/LaunchScreen.storyboard; sourceTree = "<group>"; };
		BCDBEC011BB3800800841C20 /* Info.plist */ = {isa = PBXFileReference; lastKnownFileType = text.plist.xml; path = Info.plist; sourceTree = "<group>"; };
		BCDBEC061BB3800900841C20 /* SwiftExampleTests.xctest */ = {isa = PBXFileReference; explicitFileType = wrapper.cfbundle; includeInIndex = 0; path = SwiftExampleTests.xctest; sourceTree = BUILT_PRODUCTS_DIR; };
		BCDBEC0C1BB3800900841C20 /* Info.plist */ = {isa = PBXFileReference; lastKnownFileType = text.plist.xml; path = Info.plist; sourceTree = "<group>"; };
		BCDBEC111BB3800900841C20 /* SwiftExampleUITests.xctest */ = {isa = PBXFileReference; explicitFileType = wrapper.cfbundle; includeInIndex = 0; path = SwiftExampleUITests.xctest; sourceTree = BUILT_PRODUCTS_DIR; };
		BCDBEC171BB3800900841C20 /* Info.plist */ = {isa = PBXFileReference; lastKnownFileType = text.plist.xml; path = Info.plist; sourceTree = "<group>"; };
		BCDBEC271BB380A300841C20 /* Hello.swift */ = {isa = PBXFileReference; fileEncoding = 4; lastKnownFileType = sourcecode.swift; path = Hello.swift; sourceTree = "<group>"; };
		BCFE39A61BB3851C004C9856 /* SwiftExampleUITests.swift */ = {isa = PBXFileReference; fileEncoding = 4; lastKnownFileType = sourcecode.swift; path = SwiftExampleUITests.swift; sourceTree = "<group>"; };
/* End PBXFileReference section */

/* Begin PBXFrameworksBuildPhase section */
		BCDBEBEF1BB3800800841C20 /* Frameworks */ = {
			isa = PBXFrameworksBuildPhase;
			buildActionMask = 2147483647;
			files = (
			);
			runOnlyForDeploymentPostprocessing = 0;
		};
		BCDBEC031BB3800900841C20 /* Frameworks */ = {
			isa = PBXFrameworksBuildPhase;
			buildActionMask = 2147483647;
			files = (
				3482B4031BEB082C00B320EA /* Nimble.framework in Frameworks */,
				3482B4041BEB082C00B320EA /* Quick.framework in Frameworks */,
			);
			runOnlyForDeploymentPostprocessing = 0;
		};
		BCDBEC0E1BB3800900841C20 /* Frameworks */ = {
			isa = PBXFrameworksBuildPhase;
			buildActionMask = 2147483647;
			files = (
			);
			runOnlyForDeploymentPostprocessing = 0;
		};
/* End PBXFrameworksBuildPhase section */

/* Begin PBXGroup section */
		BCDBEBE91BB3800800841C20 = {
			isa = PBXGroup;
			children = (
				3482B4011BEB082C00B320EA /* Nimble.framework */,
				3482B4021BEB082C00B320EA /* Quick.framework */,
				BCDBEBF41BB3800800841C20 /* SwiftExample */,
				BCDBEC091BB3800900841C20 /* SwiftExampleTests */,
				BCDBEC141BB3800900841C20 /* SwiftExampleUITests */,
				BCDBEBF31BB3800800841C20 /* Products */,
			);
			sourceTree = "<group>";
		};
		BCDBEBF31BB3800800841C20 /* Products */ = {
			isa = PBXGroup;
			children = (
				BCDBEBF21BB3800800841C20 /* SwiftExample.app */,
				BCDBEC061BB3800900841C20 /* SwiftExampleTests.xctest */,
				BCDBEC111BB3800900841C20 /* SwiftExampleUITests.xctest */,
			);
			name = Products;
			sourceTree = "<group>";
		};
		BCDBEBF41BB3800800841C20 /* SwiftExample */ = {
			isa = PBXGroup;
			children = (
				BCDBEBF51BB3800800841C20 /* AppDelegate.swift */,
				BCDBEBF71BB3800800841C20 /* ViewController.swift */,
				BCDBEC271BB380A300841C20 /* Hello.swift */,
				BCDBEBF91BB3800800841C20 /* Main.storyboard */,
				BCDBEBFC1BB3800800841C20 /* Assets.xcassets */,
				BCDBEBFE1BB3800800841C20 /* LaunchScreen.storyboard */,
				BCDBEC011BB3800800841C20 /* Info.plist */,
			);
			path = SwiftExample;
			sourceTree = "<group>";
		};
		BCDBEC091BB3800900841C20 /* SwiftExampleTests */ = {
			isa = PBXGroup;
			children = (
				BCDBEC0C1BB3800900841C20 /* Info.plist */,
				3482B3FF1BEB071000B320EA /* StreakSpec.swift */,
			);
			path = SwiftExampleTests;
			sourceTree = "<group>";
		};
		BCDBEC141BB3800900841C20 /* SwiftExampleUITests */ = {
			isa = PBXGroup;
			children = (
				BCFE39A61BB3851C004C9856 /* SwiftExampleUITests.swift */,
				BCDBEC171BB3800900841C20 /* Info.plist */,
			);
			path = SwiftExampleUITests;
			sourceTree = "<group>";
		};
/* End PBXGroup section */

/* Begin PBXNativeTarget section */
		BCDBEBF11BB3800800841C20 /* SwiftExample */ = {
			isa = PBXNativeTarget;
			buildConfigurationList = BCDBEC1A1BB3800900841C20 /* Build configuration list for PBXNativeTarget "SwiftExample" */;
			buildPhases = (
				BCDBEBEE1BB3800800841C20 /* Sources */,
				BCDBEBEF1BB3800800841C20 /* Frameworks */,
				BCDBEBF01BB3800800841C20 /* Resources */,
			);
			buildRules = (
			);
			dependencies = (
			);
			name = SwiftExample;
			productName = SwiftExample;
			productReference = BCDBEBF21BB3800800841C20 /* SwiftExample.app */;
			productType = "com.apple.product-type.application";
		};
		BCDBEC051BB3800900841C20 /* SwiftExampleTests */ = {
			isa = PBXNativeTarget;
			buildConfigurationList = BCDBEC1D1BB3800900841C20 /* Build configuration list for PBXNativeTarget "SwiftExampleTests" */;
			buildPhases = (
				BCDBEC021BB3800900841C20 /* Sources */,
				BCDBEC031BB3800900841C20 /* Frameworks */,
				BCDBEC041BB3800900841C20 /* Resources */,
				3482B4051BEB084E00B320EA /* CopyFiles */,
			);
			buildRules = (
			);
			dependencies = (
				BCDBEC081BB3800900841C20 /* PBXTargetDependency */,
			);
			name = SwiftExampleTests;
			productName = SwiftExampleTests;
			productReference = BCDBEC061BB3800900841C20 /* SwiftExampleTests.xctest */;
			productType = "com.apple.product-type.bundle.unit-test";
		};
		BCDBEC101BB3800900841C20 /* SwiftExampleUITests */ = {
			isa = PBXNativeTarget;
			buildConfigurationList = BCDBEC201BB3800900841C20 /* Build configuration list for PBXNativeTarget "SwiftExampleUITests" */;
			buildPhases = (
				BCDBEC0D1BB3800900841C20 /* Sources */,
				BCDBEC0E1BB3800900841C20 /* Frameworks */,
				BCDBEC0F1BB3800900841C20 /* Resources */,
			);
			buildRules = (
			);
			dependencies = (
				BCDBEC131BB3800900841C20 /* PBXTargetDependency */,
			);
			name = SwiftExampleUITests;
			productName = SwiftExampleUITests;
			productReference = BCDBEC111BB3800900841C20 /* SwiftExampleUITests.xctest */;
			productType = "com.apple.product-type.bundle.ui-testing";
		};
/* End PBXNativeTarget section */

/* Begin PBXProject section */
		BCDBEBEA1BB3800800841C20 /* Project object */ = {
			isa = PBXProject;
			attributes = {
				LastSwiftUpdateCheck = 0700;
				LastUpgradeCheck = 0700;
				ORGANIZATIONNAME = Codecov;
				TargetAttributes = {
					BCDBEBF11BB3800800841C20 = {
						CreatedOnToolsVersion = 7.0;
					};
					BCDBEC051BB3800900841C20 = {
						CreatedOnToolsVersion = 7.0;
						TestTargetID = BCDBEBF11BB3800800841C20;
					};
					BCDBEC101BB3800900841C20 = {
						CreatedOnToolsVersion = 7.0;
						TestTargetID = BCDBEBF11BB3800800841C20;
					};
				};
			};
			buildConfigurationList = BCDBEBED1BB3800800841C20 /* Build configuration list for PBXProject "SwiftExample" */;
			compatibilityVersion = "Xcode 3.2";
			developmentRegion = English;
			hasScannedForEncodings = 0;
			knownRegions = (
				en,
				Base,
			);
			mainGroup = BCDBEBE91BB3800800841C20;
			productRefGroup = BCDBEBF31BB3800800841C20 /* Products */;
			projectDirPath = "";
			projectRoot = "";
			targets = (
				BCDBEBF11BB3800800841C20 /* SwiftExample */,
				BCDBEC051BB3800900841C20 /* SwiftExampleTests */,
				BCDBEC101BB3800900841C20 /* SwiftExampleUITests */,
			);
		};
/* End PBXProject section */

/* Begin PBXResourcesBuildPhase section */
		BCDBEBF01BB3800800841C20 /* Resources */ = {
			isa = PBXResourcesBuildPhase;
			buildActionMask = 2147483647;
			files = (
				BCDBEC001BB3800800841C20 /* LaunchScreen.storyboard in Resources */,
				BCDBEBFD1BB3800800841C20 /* Assets.xcassets in Resources */,
				BCDBEBFB1BB3800800841C20 /* Main.storyboard in Resources */,
			);
			runOnlyForDeploymentPostprocessing = 0;
		};
		BCDBEC041BB3800900841C20 /* Resources */ = {
			isa = PBXResourcesBuildPhase;
			buildActionMask = 2147483647;
			files = (
			);
			runOnlyForDeploymentPostprocessing = 0;
		};
		BCDBEC0F1BB3800900841C20 /* Resources */ = {
			isa = PBXResourcesBuildPhase;
			buildActionMask = 2147483647;
			files = (
			);
			runOnlyForDeploymentPostprocessing = 0;
		};
/* End PBXResourcesBuildPhase section */

/* Begin PBXSourcesBuildPhase section */
		BCDBEBEE1BB3800800841C20 /* Sources */ = {
			isa = PBXSourcesBuildPhase;
			buildActionMask = 2147483647;
			files = (
				BCDBEBF81BB3800800841C20 /* ViewController.swift in Sources */,
				BCDBEC281BB380A300841C20 /* Hello.swift in Sources */,
				BCDBEBF61BB3800800841C20 /* AppDelegate.swift in Sources */,
			);
			runOnlyForDeploymentPostprocessing = 0;
		};
		BCDBEC021BB3800900841C20 /* Sources */ = {
			isa = PBXSourcesBuildPhase;
			buildActionMask = 2147483647;
			files = (
				3482B4001BEB071000B320EA /* StreakSpec.swift in Sources */,
			);
			runOnlyForDeploymentPostprocessing = 0;
		};
		BCDBEC0D1BB3800900841C20 /* Sources */ = {
			isa = PBXSourcesBuildPhase;
			buildActionMask = 2147483647;
			files = (
				BCFE39A71BB3851C004C9856 /* SwiftExampleUITests.swift in Sources */,
			);
			runOnlyForDeploymentPostprocessing = 0;
		};
/* End PBXSourcesBuildPhase section */

/* Begin PBXTargetDependency section */
		BCDBEC081BB3800900841C20 /* PBXTargetDependency */ = {
			isa = PBXTargetDependency;
			target = BCDBEBF11BB3800800841C20 /* SwiftExample */;
			targetProxy = BCDBEC071BB3800900841C20 /* PBXContainerItemProxy */;
		};
		BCDBEC131BB3800900841C20 /* PBXTargetDependency */ = {
			isa = PBXTargetDependency;
			target = BCDBEBF11BB3800800841C20 /* SwiftExample */;
			targetProxy = BCDBEC121BB3800900841C20 /* PBXContainerItemProxy */;
		};
/* End PBXTargetDependency section */

/* Begin PBXVariantGroup section */
		BCDBEBF91BB3800800841C20 /* Main.storyboard */ = {
			isa = PBXVariantGroup;
			children = (
				BCDBEBFA1BB3800800841C20 /* Base */,
			);
			name = Main.storyboard;
			sourceTree = "<group>";
		};
		BCDBEBFE1BB3800800841C20 /* LaunchScreen.storyboard */ = {
			isa = PBXVariantGroup;
			children = (
				BCDBEBFF1BB3800800841C20 /* Base */,
			);
			name = LaunchScreen.storyboard;
			sourceTree = "<group>";
		};
/* End PBXVariantGroup section */

/* Begin XCBuildConfiguration section */
		BCDBEC181BB3800900841C20 /* Debug */ = {
			isa = XCBuildConfiguration;
			buildSettings = {
				ALWAYS_SEARCH_USER_PATHS = NO;
				CLANG_CXX_LANGUAGE_STANDARD = "gnu++0x";
				CLANG_CXX_LIBRARY = "libc++";
				CLANG_ENABLE_MODULES = YES;
				CLANG_ENABLE_OBJC_ARC = YES;
				CLANG_WARN_BOOL_CONVERSION = YES;
				CLANG_WARN_CONSTANT_CONVERSION = YES;
				CLANG_WARN_DIRECT_OBJC_ISA_USAGE = YES_ERROR;
				CLANG_WARN_EMPTY_BODY = YES;
				CLANG_WARN_ENUM_CONVERSION = YES;
				CLANG_WARN_INT_CONVERSION = YES;
				CLANG_WARN_OBJC_ROOT_CLASS = YES_ERROR;
				CLANG_WARN_UNREACHABLE_CODE = YES;
				CLANG_WARN__DUPLICATE_METHOD_MATCH = YES;
				"CODE_SIGN_IDENTITY[sdk=iphoneos*]" = "iPhone Developer";
				COPY_PHASE_STRIP = NO;
				DEBUG_INFORMATION_FORMAT = dwarf;
				ENABLE_STRICT_OBJC_MSGSEND = YES;
				ENABLE_TESTABILITY = YES;
				GCC_C_LANGUAGE_STANDARD = gnu99;
				GCC_DYNAMIC_NO_PIC = NO;
				GCC_NO_COMMON_BLOCKS = YES;
				GCC_OPTIMIZATION_LEVEL = 0;
				GCC_PREPROCESSOR_DEFINITIONS = (
					"DEBUG=1",
					"$(inherited)",
				);
				GCC_WARN_64_TO_32_BIT_CONVERSION = YES;
				GCC_WARN_ABOUT_RETURN_TYPE = YES_ERROR;
				GCC_WARN_UNDECLARED_SELECTOR = YES;
				GCC_WARN_UNINITIALIZED_AUTOS = YES_AGGRESSIVE;
				GCC_WARN_UNUSED_FUNCTION = YES;
				GCC_WARN_UNUSED_VARIABLE = YES;
				IPHONEOS_DEPLOYMENT_TARGET = 9.0;
				MTL_ENABLE_DEBUG_INFO = YES;
				ONLY_ACTIVE_ARCH = YES;
				SDKROOT = iphoneos;
				SWIFT_OPTIMIZATION_LEVEL = "-Onone";
				TARGETED_DEVICE_FAMILY = "1,2";
			};
			name = Debug;
		};
		BCDBEC191BB3800900841C20 /* Release */ = {
			isa = XCBuildConfiguration;
			buildSettings = {
				ALWAYS_SEARCH_USER_PATHS = NO;
				CLANG_CXX_LANGUAGE_STANDARD = "gnu++0x";
				CLANG_CXX_LIBRARY = "libc++";
				CLANG_ENABLE_MODULES = YES;
				CLANG_ENABLE_OBJC_ARC = YES;
				CLANG_WARN_BOOL_CONVERSION = YES;
				CLANG_WARN_CONSTANT_CONVERSION = YES;
				CLANG_WARN_DIRECT_OBJC_ISA_USAGE = YES_ERROR;
				CLANG_WARN_EMPTY_BODY = YES;
				CLANG_WARN_ENUM_CONVERSION = YES;
				CLANG_WARN_INT_CONVERSION = YES;
				CLANG_WARN_OBJC_ROOT_CLASS = YES_ERROR;
				CLANG_WARN_UNREACHABLE_CODE = YES;
				CLANG_WARN__DUPLICATE_METHOD_MATCH = YES;
				"CODE_SIGN_IDENTITY[sdk=iphoneos*]" = "iPhone Developer";
				COPY_PHASE_STRIP = NO;
				DEBUG_INFORMATION_FORMAT = "dwarf-with-dsym";
				ENABLE_NS_ASSERTIONS = NO;
				ENABLE_STRICT_OBJC_MSGSEND = YES;
				GCC_C_LANGUAGE_STANDARD = gnu99;
				GCC_NO_COMMON_BLOCKS = YES;
				GCC_WARN_64_TO_32_BIT_CONVERSION = YES;
				GCC_WARN_ABOUT_RETURN_TYPE = YES_ERROR;
				GCC_WARN_UNDECLARED_SELECTOR = YES;
				GCC_WARN_UNINITIALIZED_AUTOS = YES_AGGRESSIVE;
				GCC_WARN_UNUSED_FUNCTION = YES;
				GCC_WARN_UNUSED_VARIABLE = YES;
				IPHONEOS_DEPLOYMENT_TARGET = 9.0;
				MTL_ENABLE_DEBUG_INFO = NO;
				SDKROOT = iphoneos;
				TARGETED_DEVICE_FAMILY = "1,2";
				VALIDATE_PRODUCT = YES;
			};
			name = Release;
		};
		BCDBEC1B1BB3800900841C20 /* Debug */ = {
			isa = XCBuildConfiguration;
			buildSettings = {
				ASSETCATALOG_COMPILER_APPICON_NAME = AppIcon;
				INFOPLIST_FILE = SwiftExample/Info.plist;
				LD_RUNPATH_SEARCH_PATHS = "$(inherited) @executable_path/Frameworks";
				PRODUCT_BUNDLE_IDENTIFIER = io.spire.app;
				PRODUCT_NAME = "$(TARGET_NAME)";
				PROVISIONING_PROFILE = "cb0f7dc0-5ec0-4b75-b144-ecf5f76ddcaa";
			};
			name = Debug;
		};
		BCDBEC1C1BB3800900841C20 /* Release */ = {
			isa = XCBuildConfiguration;
			buildSettings = {
				ASSETCATALOG_COMPILER_APPICON_NAME = AppIcon;
				INFOPLIST_FILE = SwiftExample/Info.plist;
				LD_RUNPATH_SEARCH_PATHS = "$(inherited) @executable_path/Frameworks";
				PRODUCT_BUNDLE_IDENTIFIER = io.spire.app;
				PRODUCT_NAME = "$(TARGET_NAME)";
				PROVISIONING_PROFILE = "cb0f7dc0-5ec0-4b75-b144-ecf5f76ddcaa";
			};
			name = Release;
		};
		BCDBEC1E1BB3800900841C20 /* Debug */ = {
			isa = XCBuildConfiguration;
			buildSettings = {
				BUNDLE_LOADER = "$(TEST_HOST)";
				CLANG_ENABLE_MODULES = YES;
				FRAMEWORK_SEARCH_PATHS = (
					"$(inherited)",
					"$(PROJECT_DIR)/Carthage/Build/iOS",
				);
				INFOPLIST_FILE = SwiftExampleTests/Info.plist;
				LD_RUNPATH_SEARCH_PATHS = "$(inherited) @executable_path/Frameworks @loader_path/Frameworks";
				PRODUCT_BUNDLE_IDENTIFIER = org.codecov.SwiftExampleTests;
				PRODUCT_NAME = "$(TARGET_NAME)";
				SWIFT_OPTIMIZATION_LEVEL = "-Onone";
				TEST_HOST = "$(BUILT_PRODUCTS_DIR)/SwiftExample.app/SwiftExample";
			};
			name = Debug;
		};
		BCDBEC1F1BB3800900841C20 /* Release */ = {
			isa = XCBuildConfiguration;
			buildSettings = {
				BUNDLE_LOADER = "$(TEST_HOST)";
				CLANG_ENABLE_MODULES = YES;
				FRAMEWORK_SEARCH_PATHS = (
					"$(inherited)",
					"$(PROJECT_DIR)/Carthage/Build/iOS",
				);
				INFOPLIST_FILE = SwiftExampleTests/Info.plist;
				LD_RUNPATH_SEARCH_PATHS = "$(inherited) @executable_path/Frameworks @loader_path/Frameworks";
				PRODUCT_BUNDLE_IDENTIFIER = org.codecov.SwiftExampleTests;
				PRODUCT_NAME = "$(TARGET_NAME)";
				TEST_HOST = "$(BUILT_PRODUCTS_DIR)/SwiftExample.app/SwiftExample";
			};
			name = Release;
		};
		BCDBEC211BB3800900841C20 /* Debug */ = {
			isa = XCBuildConfiguration;
			buildSettings = {
				CLANG_ENABLE_MODULES = YES;
				INFOPLIST_FILE = SwiftExampleUITests/Info.plist;
				LD_RUNPATH_SEARCH_PATHS = "$(inherited) @executable_path/Frameworks @loader_path/Frameworks";
				PRODUCT_BUNDLE_IDENTIFIER = org.codecov.SwiftExampleUITests;
				PRODUCT_NAME = "$(TARGET_NAME)";
				SWIFT_OPTIMIZATION_LEVEL = "-Onone";
				TEST_TARGET_NAME = SwiftExample;
				USES_XCTRUNNER = YES;
			};
			name = Debug;
		};
		BCDBEC221BB3800900841C20 /* Release */ = {
			isa = XCBuildConfiguration;
			buildSettings = {
				CLANG_ENABLE_MODULES = YES;
				INFOPLIST_FILE = SwiftExampleUITests/Info.plist;
				LD_RUNPATH_SEARCH_PATHS = "$(inherited) @executable_path/Frameworks @loader_path/Frameworks";
				PRODUCT_BUNDLE_IDENTIFIER = org.codecov.SwiftExampleUITests;
				PRODUCT_NAME = "$(TARGET_NAME)";
				TEST_TARGET_NAME = SwiftExample;
				USES_XCTRUNNER = YES;
			};
			name = Release;
		};
/* End XCBuildConfiguration section */

/* Begin XCConfigurationList section */
		BCDBEBED1BB3800800841C20 /* Build configuration list for PBXProject "SwiftExample" */ = {
			isa = XCConfigurationList;
			buildConfigurations = (
				BCDBEC181BB3800900841C20 /* Debug */,
				BCDBEC191BB3800900841C20 /* Release */,
			);
			defaultConfigurationIsVisible = 0;
			defaultConfigurationName = Release;
		};
		BCDBEC1A1BB3800900841C20 /* Build configuration list for PBXNativeTarget "SwiftExample" */ = {
			isa = XCConfigurationList;
			buildConfigurations = (
				BCDBEC1B1BB3800900841C20 /* Debug */,
				BCDBEC1C1BB3800900841C20 /* Release */,
			);
			defaultConfigurationIsVisible = 0;
			defaultConfigurationName = Release;
		};
		BCDBEC1D1BB3800900841C20 /* Build configuration list for PBXNativeTarget "SwiftExampleTests" */ = {
			isa = XCConfigurationList;
			buildConfigurations = (
				BCDBEC1E1BB3800900841C20 /* Debug */,
				BCDBEC1F1BB3800900841C20 /* Release */,
			);
			defaultConfigurationIsVisible = 0;
			defaultConfigurationName = Release;
		};
		BCDBEC201BB3800900841C20 /* Build configuration list for PBXNativeTarget "SwiftExampleUITests" */ = {
			isa = XCConfigurationList;
			buildConfigurations = (
				BCDBEC211BB3800900841C20 /* Debug */,
				BCDBEC221BB3800900841C20 /* Release */,
			);
			defaultConfigurationIsVisible = 0;
			defaultConfigurationName = Release;
		};
/* End XCConfigurationList section */
	};
	rootObject = BCDBEBEA1BB3800800841C20 /* Project object */;
}
